# This lock file was generated by conda-lock (https://github.com/conda/conda-lock). DO NOT EDIT!
#
# A "lock file" contains a concrete list of package versions (with checksums) to be installed. Unlike
# e.g. `conda env create`, the resulting environment will not change as new package versions become
# available, unless you explicitly update the lock file.
#
# Install this environment as "YOURENV" with:
#     conda-lock install -n YOURENV --file conda-lock.yml
# To update a single package to the latest version compatible with the version constraints in the source:
#     conda-lock lock  --lockfile conda-lock.yml --update PACKAGE
# To re-solve the entire environment, e.g. after changing a version constraint in the source file:
#     conda-lock -f dev.environment.yml --lockfile conda-lock.yml
version: 1
metadata:
  content_hash:
    linux-64: fc346d81e15732a71d3241cc995d071c5bbadcdc9a6a2ee819ed72f50ab519ca
  channels:
  - url: conda-forge
    used_env_vars: []
  platforms:
  - linux-64
  sources:
  - dev.environment.yml
package:
- name: _libgcc_mutex
  version: '0.1'
  manager: conda
  platform: linux-64
  dependencies: {}
  url: https://conda.anaconda.org/conda-forge/linux-64/_libgcc_mutex-0.1-conda_forge.tar.bz2
  hash:
    md5: d7c89558ba9fa0495403155b64376d81
    sha256: fe51de6107f9edc7aa4f786a70f4a883943bc9d39b3bb7307c04c41410990726
  category: main
  optional: false
- name: ca-certificates
  version: 2023.7.22
  manager: conda
  platform: linux-64
  dependencies: {}
  url: https://conda.anaconda.org/conda-forge/linux-64/ca-certificates-2023.7.22-hbcca054_0.conda
  hash:
    md5: a73ecd2988327ad4c8f2c331482917f2
    sha256: 525b7b6b5135b952ec1808de84e5eca57c7c7ff144e29ef3e96ae4040ff432c1
  category: main
  optional: false
- name: ld_impl_linux-64
  version: '2.40'
  manager: conda
  platform: linux-64
  dependencies: {}
  url: https://conda.anaconda.org/conda-forge/linux-64/ld_impl_linux-64-2.40-h41732ed_0.conda
  hash:
    md5: 7aca3059a1729aa76c597603f10b0dd3
    sha256: f6cc89d887555912d6c61b295d398cff9ec982a3417d38025c45d5dd9b9e79cd
  category: main
  optional: false
- name: libstdcxx-ng
  version: 13.2.0
  manager: conda
  platform: linux-64
  dependencies: {}
  url: https://conda.anaconda.org/conda-forge/linux-64/libstdcxx-ng-13.2.0-h7e041cc_2.conda
  hash:
    md5: 9172c297304f2a20134fc56c97fbe229
    sha256: ab22ecdc974cdbe148874ea876d9c564294d5eafa760f403ed4fd495307b4243
  category: main
  optional: false
- name: python_abi
  version: '3.11'
  manager: conda
  platform: linux-64
  dependencies: {}
  url: https://conda.anaconda.org/conda-forge/linux-64/python_abi-3.11-4_cp311.conda
  hash:
    md5: d786502c97404c94d7d58d258a445a65
    sha256: 0be3ac1bf852d64f553220c7e6457e9c047dfb7412da9d22fbaa67e60858b3cf
  category: main
  optional: false
- name: tzdata
  version: 2023c
  manager: conda
  platform: linux-64
  dependencies: {}
  url: https://conda.anaconda.org/conda-forge/noarch/tzdata-2023c-h71feb2d_0.conda
  hash:
    md5: 939e3e74d8be4dac89ce83b20de2492a
    sha256: 0449138224adfa125b220154408419ec37c06b0b49f63c5954724325903ecf55
  category: main
  optional: false
- name: libgomp
  version: 13.2.0
  manager: conda
  platform: linux-64
  dependencies:
    _libgcc_mutex: '0.1'
  url: https://conda.anaconda.org/conda-forge/linux-64/libgomp-13.2.0-h807b86a_2.conda
  hash:
    md5: e2042154faafe61969556f28bade94b9
    sha256: e1e82348f8296abfe344162b3b5f0ddc2f504759ebeb8b337ba99beaae583b15
  category: main
  optional: false
- name: _openmp_mutex
  version: '4.5'
  manager: conda
  platform: linux-64
  dependencies:
    _libgcc_mutex: '0.1'
    libgomp: '>=7.5.0'
  url: https://conda.anaconda.org/conda-forge/linux-64/_openmp_mutex-4.5-2_gnu.tar.bz2
  hash:
    md5: 73aaf86a425cc6e73fcf236a5a46396d
    sha256: fbe2c5e56a653bebb982eda4876a9178aedfc2b545f25d0ce9c4c0b508253d22
  category: main
  optional: false
- name: libgcc-ng
  version: 13.2.0
  manager: conda
  platform: linux-64
  dependencies:
    _libgcc_mutex: '0.1'
    _openmp_mutex: '>=4.5'
  url: https://conda.anaconda.org/conda-forge/linux-64/libgcc-ng-13.2.0-h807b86a_2.conda
  hash:
    md5: c28003b0be0494f9a7664389146716ff
    sha256: d361d3c87c376642b99c1fc25cddec4b9905d3d9b9203c1c545b8c8c1b04539a
  category: main
  optional: false
- name: bzip2
  version: 1.0.8
  manager: conda
  platform: linux-64
  dependencies:
    libgcc-ng: '>=9.3.0'
  url: https://conda.anaconda.org/conda-forge/linux-64/bzip2-1.0.8-h7f98852_4.tar.bz2
  hash:
    md5: a1fd65c7ccbf10880423d82bca54eb54
    sha256: cb521319804640ff2ad6a9f118d972ed76d86bea44e5626c09a13d38f562e1fa
  category: main
  optional: false
- name: libexpat
  version: 2.5.0
  manager: conda
  platform: linux-64
  dependencies:
    libgcc-ng: '>=12'
  url: https://conda.anaconda.org/conda-forge/linux-64/libexpat-2.5.0-hcb278e6_1.conda
  hash:
    md5: 6305a3dd2752c76335295da4e581f2fd
    sha256: 74c98a563777ae2ad71f1f74d458a8ab043cee4a513467c159ccf159d0e461f3
  category: main
  optional: false
- name: libffi
  version: 3.4.2
  manager: conda
  platform: linux-64
  dependencies:
    libgcc-ng: '>=9.4.0'
  url: https://conda.anaconda.org/conda-forge/linux-64/libffi-3.4.2-h7f98852_5.tar.bz2
  hash:
    md5: d645c6d2ac96843a2bfaccd2d62b3ac3
    sha256: ab6e9856c21709b7b517e940ae7028ae0737546122f83c2aa5d692860c3b149e
  category: main
  optional: false
- name: libnsl
  version: 2.0.0
  manager: conda
  platform: linux-64
  dependencies:
    libgcc-ng: '>=12'
  url: https://conda.anaconda.org/conda-forge/linux-64/libnsl-2.0.0-hd590300_1.conda
  hash:
    md5: 854e3e1623b39777140f199c5f9ab952
    sha256: c0a0c0abc1c17983168c3239d79a62d53c424bc5dd1764dbcd0fa953d6fce5e0
  category: main
  optional: false
- name: libuuid
  version: 2.38.1
  manager: conda
  platform: linux-64
  dependencies:
    libgcc-ng: '>=12'
  url: https://conda.anaconda.org/conda-forge/linux-64/libuuid-2.38.1-h0b41bf4_0.conda
  hash:
    md5: 40b61aab5c7ba9ff276c41cfffe6b80b
    sha256: 787eb542f055a2b3de553614b25f09eefb0a0931b0c87dbcce6efdfd92f04f18
  category: main
  optional: false
- name: libzlib
  version: 1.2.13
  manager: conda
  platform: linux-64
  dependencies:
    libgcc-ng: '>=12'
  url: https://conda.anaconda.org/conda-forge/linux-64/libzlib-1.2.13-hd590300_5.conda
  hash:
    md5: f36c115f1ee199da648e0597ec2047ad
    sha256: 370c7c5893b737596fd6ca0d9190c9715d89d888b8c88537ae1ef168c25e82e4
  category: main
  optional: false
- name: ncurses
  version: '6.4'
  manager: conda
  platform: linux-64
  dependencies:
    libgcc-ng: '>=12'
  url: https://conda.anaconda.org/conda-forge/linux-64/ncurses-6.4-hcb278e6_0.conda
  hash:
    md5: 681105bccc2a3f7f1a837d47d39c9179
    sha256: ccf61e61d58a8a7b2d66822d5568e2dc9387883dd9b2da61e1d787ece4c4979a
  category: main
  optional: false
- name: openssl
  version: 3.1.3
  manager: conda
  platform: linux-64
  dependencies:
    ca-certificates: ''
    libgcc-ng: '>=12'
  url: https://conda.anaconda.org/conda-forge/linux-64/openssl-3.1.3-hd590300_0.conda
  hash:
    md5: 7bb88ce04c8deb9f7d763ae04a1da72f
    sha256: f4e35f506c7e8ab7dfdc47255b0d5aa8ce0c99028ae0affafd274333042c4f70
  category: main
  optional: false
- name: xz
  version: 5.2.6
  manager: conda
  platform: linux-64
  dependencies:
    libgcc-ng: '>=12'
  url: https://conda.anaconda.org/conda-forge/linux-64/xz-5.2.6-h166bdaf_0.tar.bz2
  hash:
    md5: 2161070d867d1b1204ea749c8eec4ef0
    sha256: 03a6d28ded42af8a347345f82f3eebdd6807a08526d47899a42d62d319609162
  category: main
  optional: false
- name: libsqlite
  version: 3.43.0
  manager: conda
  platform: linux-64
  dependencies:
    libgcc-ng: '>=12'
    libzlib: '>=1.2.13,<1.3.0a0'
  url: https://conda.anaconda.org/conda-forge/linux-64/libsqlite-3.43.0-h2797004_0.conda
  hash:
    md5: 903fa782a9067d5934210df6d79220f6
    sha256: e715fab7ec6b3f3df2a5962ef372ff0f871d215fe819482dcd80357999513652
  category: main
  optional: false
- name: readline
  version: '8.2'
  manager: conda
  platform: linux-64
  dependencies:
    libgcc-ng: '>=12'
    ncurses: '>=6.3,<7.0a0'
  url: https://conda.anaconda.org/conda-forge/linux-64/readline-8.2-h8228510_1.conda
  hash:
    md5: 47d31b792659ce70f470b5c82fdfb7a4
    sha256: 5435cf39d039387fbdc977b0a762357ea909a7694d9528ab40f005e9208744d7
  category: main
  optional: false
- name: tk
  version: 8.6.13
  manager: conda
  platform: linux-64
  dependencies:
    libgcc-ng: '>=12'
    libzlib: '>=1.2.13,<1.3.0a0'
  url: https://conda.anaconda.org/conda-forge/linux-64/tk-8.6.13-h2797004_0.conda
  hash:
    md5: 513336054f884f95d9fd925748f41ef3
    sha256: 679e944eb93fde45d0963a22598fafacbb429bb9e7ee26009ba81c4e0c435055
  category: main
  optional: false
- name: python
  version: 3.11.5
  manager: conda
  platform: linux-64
  dependencies:
    bzip2: '>=1.0.8,<2.0a0'
    ld_impl_linux-64: '>=2.36.1'
    libexpat: '>=2.5.0,<3.0a0'
    libffi: '>=3.4,<4.0a0'
    libgcc-ng: '>=12'
    libnsl: '>=2.0.0,<2.1.0a0'
    libsqlite: '>=3.43.0,<4.0a0'
    libuuid: '>=2.38.1,<3.0a0'
    libzlib: '>=1.2.13,<1.3.0a0'
    ncurses: '>=6.4,<7.0a0'
    openssl: '>=3.1.2,<4.0a0'
    readline: '>=8.2,<9.0a0'
    tk: '>=8.6.12,<8.7.0a0'
    tzdata: ''
    xz: '>=5.2.6,<6.0a0'
  url: https://conda.anaconda.org/conda-forge/linux-64/python-3.11.5-hab00c5b_0_cpython.conda
  hash:
    md5: f0288cb82594b1cbc71111d1cd3c5422
    sha256: 920fe89dbc4aaf910e7a37cb4d865eaabe7ff1e5e6c3888d56fe7742ab181448
  category: main
  optional: false
- name: attrs
  version: 23.1.0
  manager: conda
  platform: linux-64
  dependencies:
    python: '>=3.7'
  url: https://conda.anaconda.org/conda-forge/noarch/attrs-23.1.0-pyh71513ae_1.conda
  hash:
    md5: 3edfead7cedd1ab4400a6c588f3e75f8
    sha256: 063639cd568f5c7a557b0fb1cc27f098598c0d8ff869088bfeb82934674f8821
  category: main
  optional: false
- name: blinker
  version: 1.6.2
  manager: conda
  platform: linux-64
  dependencies:
    python: '>=3.7'
  url: https://conda.anaconda.org/conda-forge/noarch/blinker-1.6.2-pyhd8ed1ab_0.conda
  hash:
    md5: 2fb79ec81bad9492b6d59a06b3b647a4
    sha256: b6f32491536823e47cf6eb4717dd341385600a2b901235028dedc629a77aeb82
  category: main
  optional: false
- name: click
  version: 8.1.7
  manager: conda
  platform: linux-64
  dependencies:
    __unix: ''
    python: '>=3.8'
  url: https://conda.anaconda.org/conda-forge/noarch/click-8.1.7-unix_pyh707e725_0.conda
  hash:
    md5: f3ad426304898027fc619827ff428eca
    sha256: f0016cbab6ac4138a429e28dbcb904a90305b34b3fe41a9b89d697c90401caec
  category: main
  optional: false
- name: diskcache
  version: 5.6.3
  manager: conda
  platform: linux-64
  dependencies:
    python: '>=3.5'
  url: https://conda.anaconda.org/conda-forge/noarch/diskcache-5.6.3-pyhd8ed1ab_0.conda
  hash:
    md5: 4c33109f652b5d8c995ab243436c9370
    sha256: 2547a3aa97f0862e55d9d4bbef457b087d35f4bff05766c8169c82719bc61e17
  category: main
  optional: false
- name: greenlet
  version: 2.0.2
  manager: conda
  platform: linux-64
  dependencies:
    libgcc-ng: '>=12'
    libstdcxx-ng: '>=12'
    python: '>=3.11,<3.12.0a0'
    python_abi: 3.11.*
  url: https://conda.anaconda.org/conda-forge/linux-64/greenlet-2.0.2-py311hb755f60_1.conda
  hash:
    md5: 82f9885f18cc7ba9bca6687ac97f1d65
    sha256: 1e269646607533d666bd9854adec33a10dfb715dba4e6d4a15c5a75269c6bf9b
  category: main
  optional: false
- name: itsdangerous
  version: 2.1.2
  manager: conda
  platform: linux-64
  dependencies:
    python: '>=3.7'
  url: https://conda.anaconda.org/conda-forge/noarch/itsdangerous-2.1.2-pyhd8ed1ab_0.tar.bz2
  hash:
    md5: 3c3de74912f11d2b590184f03c7cd09b
    sha256: 31e3492686b4e92b53db9b48bc0eb03873b1caaf28629fee7d2d47627a2c56d3
  category: main
  optional: false
- name: loguru
  version: 0.7.2
  manager: conda
  platform: linux-64
  dependencies:
    python: '>=3.11,<3.12.0a0'
    python_abi: 3.11.*
  url: https://conda.anaconda.org/conda-forge/linux-64/loguru-0.7.2-py311h38be061_1.conda
  hash:
    md5: 94a4521bd7933a66d76b0274dbf8d2dd
    sha256: 8b4e50db81def33fbb819ebaa2b3b50b92fa8b877b174a4e8d89e2e88a89750e
  category: main
  optional: false
- name: markupsafe
  version: 2.1.3
  manager: conda
  platform: linux-64
  dependencies:
    libgcc-ng: '>=12'
    python: '>=3.11,<3.12.0a0'
    python_abi: 3.11.*
  url: https://conda.anaconda.org/conda-forge/linux-64/markupsafe-2.1.3-py311h459d7ec_1.conda
  hash:
    md5: 71120b5155a0c500826cf81536721a15
    sha256: e1a9930f35e39bf65bc293e24160b83ebf9f800f02749f65358e1c04882ee6b0
  category: main
  optional: false
- name: setuptools
  version: 68.2.2
  manager: conda
  platform: linux-64
  dependencies:
    python: '>=3.7'
  url: https://conda.anaconda.org/conda-forge/noarch/setuptools-68.2.2-pyhd8ed1ab_0.conda
  hash:
    md5: fc2166155db840c634a1291a5c35a709
    sha256: 851901b1f8f2049edb36a675f0c3f9a98e1495ef4eb214761b048c6f696a06f7
  category: main
  optional: false
- name: typing_extensions
  version: 4.8.0
  manager: conda
  platform: linux-64
  dependencies:
    python: '>=3.8'
  url: https://conda.anaconda.org/conda-forge/noarch/typing_extensions-4.8.0-pyha770c72_0.conda
  hash:
    md5: 5b1be40a26d10a06f6d4f1f9e19fa0c7
    sha256: 38d16b5c53ec1af845d37d22e7bb0e6c934c7f19499123507c5a470f6f8b7dde
  category: main
  optional: false
- name: wheel
  version: 0.41.2
  manager: conda
  platform: linux-64
  dependencies:
    python: '>=3.7'
  url: https://conda.anaconda.org/conda-forge/noarch/wheel-0.41.2-pyhd8ed1ab_0.conda
  hash:
    md5: 1ccd092478b3e0ee10d7a891adbf8a4f
    sha256: 21bcec5373b04d739ab65252b5532b04a08d229865ebb24b5b94902d6d0a77b0
  category: main
  optional: false
- name: zipp
  version: 3.17.0
  manager: conda
  platform: linux-64
  dependencies:
    python: '>=3.8'
  url: https://conda.anaconda.org/conda-forge/noarch/zipp-3.17.0-pyhd8ed1ab_0.conda
  hash:
    md5: 2e4d6bc0b14e10f895fc6791a7d9b26a
    sha256: bced1423fdbf77bca0a735187d05d9b9812d2163f60ab426fc10f11f92ecbe26
  category: main
  optional: false
- name: importlib-metadata
  version: 6.8.0
  manager: conda
  platform: linux-64
  dependencies:
    python: '>=3.8'
    zipp: '>=0.5'
  url: https://conda.anaconda.org/conda-forge/noarch/importlib-metadata-6.8.0-pyha770c72_0.conda
  hash:
    md5: 4e9f59a060c3be52bc4ddc46ee9b6946
    sha256: 2797ed927d65324309b6c630190d917b9f2111e0c217b721f80429aeb57f9fcf
  category: main
  optional: false
- name: jinja2
  version: 3.1.2
  manager: conda
  platform: linux-64
  dependencies:
    markupsafe: '>=2.0'
    python: '>=3.7'
  url: https://conda.anaconda.org/conda-forge/noarch/jinja2-3.1.2-pyhd8ed1ab_1.tar.bz2
  hash:
    md5: c8490ed5c70966d232fdd389d0dbed37
    sha256: b045faba7130ab263db6a8fdc96b1a3de5fcf85c4a607c5f11a49e76851500b5
  category: main
  optional: false
- name: pip
  version: 23.2.1
  manager: conda
  platform: linux-64
  dependencies:
    python: '>=3.7'
    setuptools: ''
    wheel: ''
  url: https://conda.anaconda.org/conda-forge/noarch/pip-23.2.1-pyhd8ed1ab_0.conda
  hash:
    md5: e2783aa3f9235225eec92f9081c5b801
    sha256: 9e401b171856e12f6aa32ae5cc1ae1d3708aa7d705ddf359ee7dd0dffd73c2b5
  category: main
  optional: false
- name: typing-extensions
  version: 4.8.0
  manager: conda
  platform: linux-64
  dependencies:
    typing_extensions: 4.8.0
  url: https://conda.anaconda.org/conda-forge/noarch/typing-extensions-4.8.0-hd8ed1ab_0.conda
  hash:
    md5: 384462e63262a527bda564fa2d9126c0
    sha256: d6e1dddd0c372218ef15912383d351ac8c73465cbf16238017f0269813cafe2d
  category: main
  optional: false
- name: werkzeug
  version: 3.0.0
  manager: conda
  platform: linux-64
  dependencies:
    markupsafe: '>=2.1.1'
    python: '>=3.8'
  url: https://conda.anaconda.org/conda-forge/noarch/werkzeug-3.0.0-pyhd8ed1ab_0.conda
  hash:
    md5: 52819df4ed72d46e60a18df5bec86e31
    sha256: 19c292c9d2c491cdd3a8219da2447412b008f7ae3f2eb6750353db8dd39765a9
  category: main
  optional: false
- name: flask
  version: 2.3.3
  manager: conda
  platform: linux-64
  dependencies:
    blinker: '>=1.6.2'
    click: '>=8.1.3'
    importlib-metadata: '>=3.6.0'
    itsdangerous: '>=2.1.2'
    jinja2: '>=3.1.2'
    python: '>=3.8'
    werkzeug: '>=2.3.7'
  url: https://conda.anaconda.org/conda-forge/noarch/flask-2.3.3-pyhd8ed1ab_0.conda
  hash:
    md5: 9b0d29067484a8dfacfae85b8fba81bc
    sha256: 4f84ffdc5471236e8225db86c7508426b46aa2c3802d58ca40b3c3e174533b39
  category: main
  optional: false
- name: sqlalchemy
  version: 2.0.21
  manager: conda
  platform: linux-64
  dependencies:
    greenlet: '!=0.4.17'
    libgcc-ng: '>=12'
    python: '>=3.11,<3.12.0a0'
    python_abi: 3.11.*
    typing-extensions: '>=4.2.0'
  url: https://conda.anaconda.org/conda-forge/linux-64/sqlalchemy-2.0.21-py311h459d7ec_0.conda
  hash:
    md5: d850dd55a9b634a439d79eee5a16c2a9
    sha256: 8a048d43b3e1c10731a281a396c45e4133522b43c5e2953b33f58033c9ca34c0
  category: main
  optional: false
- name: certifi
  version: 2023.7.22
  manager: pip
  platform: linux-64
  dependencies: {}
  url: https://files.pythonhosted.org/packages/4c/dd/2234eab22353ffc7d94e8d13177aaa050113286e93e7b40eae01fbf7c3d9/certifi-2023.7.22-py3-none-any.whl
  hash:
    sha256: 92d6037539857d8206b8f6ae472e8b77db8058fec5937a1ef3f54304089edbb9
  category: main
  optional: false
- name: h11
  version: 0.14.0
  manager: pip
  platform: linux-64
  dependencies: {}
  url: https://files.pythonhosted.org/packages/95/04/ff642e65ad6b90db43e668d70ffb6736436c7ce41fcc549f4e9472234127/h11-0.14.0-py3-none-any.whl
  hash:
    sha256: e3fe4ac4b851c468cc8363d500db52c2ead036020723024a109d37346efaa761
  category: main
  optional: false
- name: idna
  version: '3.4'
  manager: pip
  platform: linux-64
  dependencies: {}
  url: https://files.pythonhosted.org/packages/fc/34/3030de6f1370931b9dbb4dad48f6ab1015ab1d32447850b9fc94e60097be/idna-3.4-py3-none-any.whl
  hash:
    sha256: 90b77e79eaa3eba6de819a0c442c0b4ceefc341a7a2ab77d7562bf49f425c5c2
  category: main
  optional: false
- name: mdurl
  version: 0.1.2
  manager: pip
  platform: linux-64
  dependencies: {}
  url: https://files.pythonhosted.org/packages/b3/38/89ba8ad64ae25be8de66a6d463314cf1eb366222074cfda9ee839c56a4b4/mdurl-0.1.2-py3-none-any.whl
  hash:
    sha256: 84008a41e51615a49fc9966191ff91509e3c40b939176e643fd50a5c2196b8f8
  category: main
  optional: false
- name: msgpack
  version: 1.0.7
  manager: pip
  platform: linux-64
  dependencies: {}
  url: https://files.pythonhosted.org/packages/df/09/dee50913ba5cc047f7fd7162f09453a676e7935c84b3bf3a398e12108677/msgpack-1.0.7-cp311-cp311-manylinux_2_17_x86_64.manylinux2014_x86_64.whl
  hash:
    sha256: 6d4c80667de2e36970ebf74f42d1088cc9ee7ef5f4e8c35eee1b40eafd33ca5b
  category: main
  optional: false
- name: pygments
  version: 2.16.1
  manager: pip
  platform: linux-64
  dependencies: {}
  url: https://files.pythonhosted.org/packages/43/88/29adf0b44ba6ac85045e63734ae0997d3c58d8b1a91c914d240828d0d73d/Pygments-2.16.1-py3-none-any.whl
  hash:
    sha256: 13fc09fa63bc8d8671a6d247e1eb303c4b343eaee81d861f3404db2935653692
  category: main
  optional: false
- name: pytzdata
  version: '2020.1'
  manager: pip
  platform: linux-64
  dependencies: {}
  url: https://files.pythonhosted.org/packages/e0/4f/4474bda990ee740a020cbc3eb271925ef7daa7c8444240d34ff62c8442a3/pytzdata-2020.1-py2.py3-none-any.whl
  hash:
    sha256: e1e14750bcf95016381e4d472bad004eef710f2d6417240904070b3d6654485f
  category: main
  optional: false
- name: six
  version: 1.16.0
  manager: pip
  platform: linux-64
  dependencies: {}
  url: https://files.pythonhosted.org/packages/d9/5a/e7c31adbe875f2abbb91bd84cf2dc52d792b5a01506781dbcf25c91daf11/six-1.16.0-py2.py3-none-any.whl
  hash:
    sha256: 8abb2f1d86890a2dfb989f9a77cfcfd3e47c2a354b01111771326f8aa26e0254
  category: main
  optional: false
- name: sniffio
  version: 1.3.0
  manager: pip
  platform: linux-64
  dependencies: {}
  url: https://files.pythonhosted.org/packages/c3/a0/5dba8ed157b0136607c7f2151db695885606968d1fae123dc3391e0cfdbf/sniffio-1.3.0-py3-none-any.whl
  hash:
    sha256: eecefdce1e5bbfb7ad2eeaabf7c1eeb404d7757c379bd1f7e5cce9d8bf425384
  category: main
  optional: false
- name: types-python-dateutil
  version: 2.8.19.14
  manager: pip
  platform: linux-64
  dependencies: {}
  url: https://files.pythonhosted.org/packages/1c/af/5af2e2a02bc464c1c7818c260606343020b96c0d5b64f637d9e91aee24fe/types_python_dateutil-2.8.19.14-py3-none-any.whl
  hash:
    sha256: f977b8de27787639986b4e28963263fd0e5158942b3ecef91b9335c130cb1ce9
  category: main
  optional: false
- name: anyio
  version: 4.0.0
  manager: pip
  platform: linux-64
  dependencies:
    idna: '>=2.8'
    sniffio: '>=1.1'
  url: https://files.pythonhosted.org/packages/36/55/ad4de788d84a630656ece71059665e01ca793c04294c463fd84132f40fe6/anyio-4.0.0-py3-none-any.whl
  hash:
    sha256: cfdb2b588b9fc25ede96d8db56ed50848b0b649dca3dd1df0b11f683bb9e0b5f
  category: main
  optional: false
- name: markdown-it-py
  version: 3.0.0
  manager: pip
  platform: linux-64
  dependencies:
    mdurl: '>=0.1,<1.0'
  url: https://files.pythonhosted.org/packages/42/d7/1ec15b46af6af88f19b8e5ffea08fa375d433c998b8a7639e76935c14f1f/markdown_it_py-3.0.0-py3-none-any.whl
  hash:
    sha256: 355216845c60bd96232cd8d8c40e8f9765cc86f46880e43a8fd22dc1a1a8cab1
  category: main
  optional: false
- name: python-dateutil
  version: 2.8.2
  manager: pip
  platform: linux-64
  dependencies:
    six: '>=1.5'
  url: https://files.pythonhosted.org/packages/36/7a/87837f39d0296e723bb9b62bbb257d0355c7f6128853c78955f57342a56d/python_dateutil-2.8.2-py2.py3-none-any.whl
  hash:
    sha256: 961d03dc3453ebbc59dbdea9e4e11c5651520a876d0f4db161e8674aae935da9
  category: main
  optional: false
- name: arrow
  version: 1.3.0
  manager: pip
  platform: linux-64
  dependencies:
    python-dateutil: '>=2.7.0'
    types-python-dateutil: '>=2.8.10'
  url: https://files.pythonhosted.org/packages/f8/ed/e97229a566617f2ae958a6b13e7cc0f585470eac730a73e9e82c32a3cdd2/arrow-1.3.0-py3-none-any.whl
  hash:
    sha256: c728b120ebc00eb84e01882a6f5e7927a53960aa990ce7dd2b10f39005a67f80
  category: main
  optional: false
- name: httpcore
  version: 0.18.0
  manager: pip
  platform: linux-64
  dependencies:
    anyio: '>=3.0,<5.0'
    certifi: '*'
    h11: '>=0.13,<0.15'
    sniffio: '>=1.0.0,<2.0.0'
  url: https://files.pythonhosted.org/packages/ac/97/724afbb7925339f6214bf1fdb5714d1a462690466832bf8fb3fd497649f1/httpcore-0.18.0-py3-none-any.whl
  hash:
    sha256: adc5398ee0a476567bf87467063ee63584a8bce86078bf748e48754f60202ced
  category: main
  optional: false
- name: pendulum
  version: 2.1.2
  manager: pip
  platform: linux-64
  dependencies:
    python-dateutil: '>=2.6,<3.0'
    pytzdata: '>=2020.1'
  url: https://files.pythonhosted.org/packages/db/15/6e89ae7cde7907118769ed3d2481566d05b5fd362724025198bb95faf599/pendulum-2.1.2.tar.gz
  hash:
    sha256: b06a0ca1bfe41c990bbf0c029f0b6501a7f2ec4e38bfec730712015e8860f207
  category: main
  optional: false
- name: rich
  version: 13.6.0
  manager: pip
  platform: linux-64
  dependencies:
    pygments: '>=2.13.0,<3.0.0'
    markdown-it-py: '>=2.2.0'
  url: https://files.pythonhosted.org/packages/be/2a/4e62ff633612f746f88618852a626bbe24226eba5e7ac90e91dcfd6a414e/rich-13.6.0-py3-none-any.whl
  hash:
    sha256: 2b38e2fe9ca72c9a00170a1a2d20c63c790d0e10ef1fe35eba76e1e7b1d7d245
  category: main
  optional: false
- name: httpx
  version: 0.25.0
  manager: pip
  platform: linux-64
  dependencies:
    certifi: '*'
    httpcore: '>=0.18.0,<0.19.0'
    idna: '*'
    sniffio: '*'
  url: https://files.pythonhosted.org/packages/33/0d/d9ce469af019741c8999711d36b270ff992ceb1a0293f73f9f34fdf131e9/httpx-0.25.0-py3-none-any.whl
  hash:
    sha256: 181ea7f8ba3a82578be86ef4171554dd45fec26a02556a744db029a0a27b7100
  category: main
  optional: false
- name: red-utils
  version: 0.2.6
  manager: pip
  platform: linux-64
  dependencies:
    diskcache: '>=5.6.1'
    loguru: '>=0.7.0'
    msgpack: '>=1.0.5'
    httpx: '>=0.24.1'
    arrow: '>=1.2.3'
    pendulum: '>=2.1.2'
    rich: '>=13.5.3'
  url: https://files.pythonhosted.org/packages/12/c8/b43655560b55045aec4306e701e37ba54c4472f779fd300132977f23f9be/red_utils-0.2.6-py3-none-any.whl
  hash:
    sha256: 9c3b5557dabc1b172035c74e308566876d5a8c11ee09c75a6b3345b0bb5b77dd
  category: main
  optional: false
